
Microsoft Visual Studio Solution File, Format Version 12.00
# Visual Studio Version 17
VisualStudioVersion = 17.10.35027.167
MinimumVisualStudioVersion = 10.0.40219.1
Project("{FAE04EC0-301F-11D3-BF4B-00C04F79EFBC}") = "PratikIlkMetotUygulamamız", "PratikIlkMetotUygulamamız\PratikIlkMetotUygulamamız.csproj", "{D40C41AC-04DF-4C2F-9045-064C75FB7922}"
EndProject
Global
	GlobalSection(SolutionConfigurationPlatforms) = preSolution
		Debug|Any CPU = Debug|Any CPU
		Release|Any CPU = Release|Any CPU
	EndGlobalSection
	GlobalSection(ProjectConfigurationPlatforms) = postSolution
		{D40C41AC-04DF-4C2F-9045-064C75FB7922}.Debug|Any CPU.ActiveCfg = Debug|Any CPU
		{D40C41AC-04DF-4C2F-9045-064C75FB7922}.Debug|Any CPU.Build.0 = Debug|Any CPU
		{D40C41AC-04DF-4C2F-9045-064C75FB7922}.Release|Any CPU.ActiveCfg = Release|Any CPU
		{D40C41AC-04DF-4C2F-9045-064C75FB7922}.Release|Any CPU.Build.0 = Release|Any CPU
	EndGlobalSection
	GlobalSection(SolutionProperties) = preSolution
		HideSolutionNode = FALSE
	EndGlobalSection
	GlobalSection(ExtensibilityGlobals) = postSolution
		SolutionGuid = {F42169E0-976A-4E97-A844-0DFCF0473012}
	EndGlobalSection
EndGlobal
